Microsoft Visual Studio Solution File, Format Version 12.00
# Visual Studio Version 17
VisualStudioVersion = 17.5.2.0
MinimumVisualStudioVersion = 10.0.40219.1
Project("{FAE04EC0-301F-11D3-BF4B-00C04F79EFBC}") = "CAFESharp", "CAFESharp\CAFESharp.csproj", "{5D2D0EAA-18DB-1651-BF02-2C2859B705D0}"
EndProject
Global
	GlobalSection(SolutionConfigurationPlatforms) = preSolution
		Debug|Any CPU = Debug|Any CPU
		Release|Any CPU = Release|Any CPU
	EndGlobalSection
	GlobalSection(ProjectConfigurationPlatforms) = postSolution
		{5D2D0EAA-18DB-1651-BF02-2C2859B705D0}.Debug|Any CPU.ActiveCfg = Debug|Any CPU
		{5D2D0EAA-18DB-1651-BF02-2C2859B705D0}.Debug|Any CPU.Build.0 = Debug|Any CPU
		{5D2D0EAA-18DB-1651-BF02-2C2859B705D0}.Release|Any CPU.ActiveCfg = Release|Any CPU
		{5D2D0EAA-18DB-1651-BF02-2C2859B705D0}.Release|Any CPU.Build.0 = Release|Any CPU
	EndGlobalSection
	GlobalSection(SolutionProperties) = preSolution
		HideSolutionNode = FALSE
	EndGlobalSection
	GlobalSection(ExtensibilityGlobals) = postSolution
		SolutionGuid = {54FEA371-B619-4619-8F85-5E0838B13B36}
	EndGlobalSection
EndGlobal
